
Microsoft Visual Studio Solution File, Format Version 12.00
# Visual Studio Version 17
VisualStudioVersion = 17.1.32210.238
MinimumVisualStudioVersion = 10.0.40219.1
Project("{FAE04EC0-301F-11D3-BF4B-00C04F79EFBC}") = "class_task", "class_task\class_task.csproj", "{5D30A1A3-7909-4FDB-9C4A-FBEFA6CF3F7B}"
EndProject
Global
	GlobalSection(SolutionConfigurationPlatforms) = preSolution
		Debug|Any CPU = Debug|Any CPU
		Release|Any CPU = Release|Any CPU
	EndGlobalSection
	GlobalSection(ProjectConfigurationPlatforms) = postSolution
		{5D30A1A3-7909-4FDB-9C4A-FBEFA6CF3F7B}.Debug|Any CPU.ActiveCfg = Debug|Any CPU
		{5D30A1A3-7909-4FDB-9C4A-FBEFA6CF3F7B}.Debug|Any CPU.Build.0 = Debug|Any CPU
		{5D30A1A3-7909-4FDB-9C4A-FBEFA6CF3F7B}.Release|Any CPU.ActiveCfg = Release|Any CPU
		{5D30A1A3-7909-4FDB-9C4A-FBEFA6CF3F7B}.Release|Any CPU.Build.0 = Release|Any CPU
	EndGlobalSection
	GlobalSection(SolutionProperties) = preSolution
		HideSolutionNode = FALSE
	EndGlobalSection
	GlobalSection(ExtensibilityGlobals) = postSolution
		SolutionGuid = {C55A8321-8215-490C-B1EC-ABFBF5775465}
	EndGlobalSection
EndGlobal
